
Microsoft Visual Studio Solution File, Format Version 12.00
# Visual Studio Version 16
VisualStudioVersion = 16.0.31729.503
MinimumVisualStudioVersion = 10.0.40219.1
Project("{FAE04EC0-301F-11D3-BF4B-00C04F79EFBC}") = "Arkad.AlphaVantage.Core", "Arkad.AlphaVantage.Core\Arkad.AlphaVantage.Core.csproj", "{C762B8E6-D42B-4787-BFB3-C620BD3B81A2}"
EndProject
Global
	GlobalSection(SolutionConfigurationPlatforms) = preSolution
		Debug|Any CPU = Debug|Any CPU
		Release|Any CPU = Release|Any CPU
	EndGlobalSection
	GlobalSection(ProjectConfigurationPlatforms) = postSolution
		{C762B8E6-D42B-4787-BFB3-C620BD3B81A2}.Debug|Any CPU.ActiveCfg = Debug|Any CPU
		{C762B8E6-D42B-4787-BFB3-C620BD3B81A2}.Debug|Any CPU.Build.0 = Debug|Any CPU
		{C762B8E6-D42B-4787-BFB3-C620BD3B81A2}.Release|Any CPU.ActiveCfg = Release|Any CPU
		{C762B8E6-D42B-4787-BFB3-C620BD3B81A2}.Release|Any CPU.Build.0 = Release|Any CPU
	EndGlobalSection
	GlobalSection(SolutionProperties) = preSolution
		HideSolutionNode = FALSE
	EndGlobalSection
	GlobalSection(ExtensibilityGlobals) = postSolution
		SolutionGuid = {431E45E6-9C43-4C3F-95C5-7D873113DDAF}
	EndGlobalSection
EndGlobal
